
Microsoft Visual Studio Solution File, Format Version 12.00
# Visual Studio 15
Global
	GlobalSection(SolutionConfigurationPlatforms) = preSolution
		Any CPU|Any CPU = Any CPU|Any CPU
	EndGlobalSection
	GlobalSection(ProjectConfigurationPlatforms) = postSolution
	EndGlobalSection
	GlobalSection(MonoDevelopProperties) = preSolution
		Policies = $0
		$0.StandardHeader = $1
		$1.Text = @PROJECT INFORMATION: \t\n\n\t${FullFileName}\n\t${Directory}/${FileName}\n\t${AuthorName} | ${AuthorEmail} | ${CopyrightHolder}\n\t\n\tDATE: ${Date} | ${Time} | ${Year}\n*************************************************************************\nPRIVACY & TERMS OF USE\n\n Copyright (c) ${Year} ${CopyrightHolder} \n Timestamp (t) ${Month} ${Day}, ${Year} (${Hour}:${Minute}:${Second}\n\n This program is free software: you can redistribute it and/or modify\n it under the terms of the GNU General Public License as published by\n the Free Software Foundation, either version 3 of the License, or\n (at your option) any later version.\n\n This program is distributed in the hope that it will be useful,\n but WITHOUT ANY WARRANTY; without even the implied warranty of\n MERCHANTABILITY or FITNESS FOR A PARTICULAR PURPOSE.  See the\n GNU General Public License for more details.\n\n You should have received a copy of the GNU General Public License\n along with this program.  If not, see <http://www.gnu.org/licenses/>.\n*************************************************************************
		$0.VersionControlPolicy = $2
		$2.CommitMessageStyle = $3
		$3.Indent = @\t
		$3.LastFilePostfix = "@:\n  "
		$3.IncludeDirectoryPaths = True
		$3.Header = @Custom Version Control Policy\n\n
	EndGlobalSection
EndGlobal
